lockfileVersion: '9.0'

settings:
  autoInstallPeers: true
  excludeLinksFromLockfile: false

importers:

  .:
    dependencies:
      fast-glob:
        specifier: ^3.3.2
        version: 3.3.3
    devDependencies:
      '@hono/node-server':
        specifier: ^1.12.0
        version: 1.17.1(hono@4.8.9)
      '@rollup/plugin-node-resolve':
        specifier: ^15.2.3
        version: 15.3.1(rollup@4.45.3)
      hono:
        specifier: ^4.4.13
        version: 4.8.9
      rollup:
        specifier: ^4.18.1
        version: 4.45.3

packages:

  '@hono/node-server@1.17.1':
    resolution: {integrity: sha512-SY79W/C+2b1MyAzmIcV32Q47vO1b5XwLRwj8S9N6Jr5n1QCkIfAIH6umOSgqWZ4/v67hg6qq8Ha5vZonVidGsg==}
    engines: {node: '>=18.14.1'}
    peerDependencies:
      hono: ^4

  '@nodelib/fs.scandir@2.1.5':
    resolution: {integrity: sha512-vq24Bq3ym5HEQm2NKCr3yXDwjc7vTsEThRDnkp2DK9p1uqLR+DHurm/NOTo0KG7HYHU7eppKZj3MyqYuMBf62g==}
    engines: {node: '>= 8'}

  '@nodelib/fs.stat@2.0.5':
    resolution: {integrity: sha512-RkhPPp2zrqDAQA/2jNhnztcPAlv64XdhIp7a7454A5ovI7Bukxgt7MX7udwAu3zg1DcpPU0rz3VV1SeaqvY4+A==}
    engines: {node: '>= 8'}

  '@nodelib/fs.walk@1.2.8':
    resolution: {integrity: sha512-oGB+UxlgWcgQkgwo8GcEGwemoTFt3FIO9ababBmaGwXIoBKZ+GTy0pP185beGg7Llih/NSHSV2XAs1lnznocSg==}
    engines: {node: '>= 8'}

  '@rollup/plugin-node-resolve@15.3.1':
    resolution: {integrity: sha512-tgg6b91pAybXHJQMAAwW9VuWBO6Thi+q7BCNARLwSqlmsHz0XYURtGvh/AuwSADXSI4h/2uHbs7s4FzlZDGSGA==}
    engines: {node: '>=14.0.0'}
    peerDependencies:
      rollup: ^2.78.0||^3.0.0||^4.0.0
    peerDependenciesMeta:
      rollup:
        optional: true

  '@rollup/pluginutils@5.2.0':
    resolution: {integrity: sha512-qWJ2ZTbmumwiLFomfzTyt5Kng4hwPi9rwCYN4SHb6eaRU1KNO4ccxINHr/VhH4GgPlt1XfSTLX2LBTme8ne4Zw==}
    engines: {node: '>=14.0.0'}
    peerDependencies:
      rollup: ^1.20.0||^2.0.0||^3.0.0||^4.0.0
    peerDependenciesMeta:
      rollup:
        optional: true

  '@rollup/rollup-android-arm-eabi@4.45.3':
    resolution: {integrity: sha512-8oQkCTve4H4B4JpmD2FV7fV2ZPTxJHN//bRhCqPUU8v6c5APlxteAXyc7BFaEb4aGpUzrPLU4PoAcGhwmRzZTA==}
    cpu: [arm]
    os: [android]

  '@rollup/rollup-android-arm64@4.45.3':
    resolution: {integrity: sha512-StOsmdXHU2hx3UFTTs6yYxCSwSIgLsfjUBICXyWj625M32OOjakXlaZuGKL+jA3Nvv35+hMxrm/64eCoT07SYQ==}
    cpu: [arm64]
    os: [android]

  '@rollup/rollup-darwin-arm64@4.45.3':
    resolution: {integrity: sha512-6CfLF3eqKhCdhK0GUnR5ZS99OFz+dtOeB/uePznLKxjCsk5QjT/V0eSEBb4vj+o/ri3i35MseSEQHCLLAgClVw==}
    cpu: [arm64]
    os: [darwin]

  '@rollup/rollup-darwin-x64@4.45.3':
    resolution: {integrity: sha512-QLWyWmAJG9elNTNLdcSXUT/M+J7DhEmvs1XPHYcgYkse3UHf9iWTJ+yTPlKMIetiQnNi+cNp+gY4gvjDpREfKw==}
    cpu: [x64]
    os: [darwin]

  '@rollup/rollup-freebsd-arm64@4.45.3':
    resolution: {integrity: sha512-ZOvBq+5nL0yrZIEo1eq6r7MPvkJ8kC1XATS/yHvcq3WbDNKNKBQ1uIF4hicyzDMoJt72G+sn1nKsFXpifZyRDA==}
    cpu: [arm64]
    os: [freebsd]

  '@rollup/rollup-freebsd-x64@4.45.3':
    resolution: {integrity: sha512-AYvGR07wecEnyYSovyJ71pTOulbNvsrpRpK6i/IM1b0UGX1vFx51afYuPYPxnvE9aCl5xPnhQicEvdIMxClRgQ==}
    cpu: [x64]
    os: [freebsd]

  '@rollup/rollup-linux-arm-gnueabihf@4.45.3':
    resolution: {integrity: sha512-Yx8Cp38tfRRToVLuIWzBHV25/QPzpUreOPIiUuNV7KahNPurYg2pYQ4l7aYnvpvklO1riX4643bXLvDsYSBIrA==}
    cpu: [arm]
    os: [linux]

  '@rollup/rollup-linux-arm-musleabihf@4.45.3':
    resolution: {integrity: sha512-4dIYRNxlXGDKnO6qgcda6LxnObPO6r1OBU9HG8F9pAnHHLtfbiOqCzDvkeHknx+5mfFVH4tWOl+h+cHylwsPWA==}
    cpu: [arm]
    os: [linux]

  '@rollup/rollup-linux-arm64-gnu@4.45.3':
    resolution: {integrity: sha512-M6uVlWKmhLN7LguLDu6396K1W5IBlAaRonjlHQgc3s4dOGceu0FeBuvbXiUPYvup/6b5Ln7IEX7XNm68DN4vrg==}
    cpu: [arm64]
    os: [linux]

  '@rollup/rollup-linux-arm64-musl@4.45.3':
    resolution: {integrity: sha512-emaYiOTQJUd6fC9a6jcw9zIWtzaUiuBC+vomggaM4In2iOra/lA6IMHlqZqQZr08NYXrOPMVigreLMeSAwv3Uw==}
    cpu: [arm64]
    os: [linux]

  '@rollup/rollup-linux-loongarch64-gnu@4.45.3':
    resolution: {integrity: sha512-3P77T5AQ4UfVRJSrTKLiUZDJ6XsxeP80027bp6mOFh8sevSD038mYuIYFiUtrSJxxgFb+NgRJFF9oIa0rlUsmg==}
    cpu: [loong64]
    os: [linux]

  '@rollup/rollup-linux-ppc64-gnu@4.45.3':
    resolution: {integrity: sha512-/VPH3ZVeSlmCBPhZdx/+4dMXDjaGMhDsWOBo9EwSkGbw2+OAqaslL53Ao2OqCxR0GgYjmmssJ+OoG+qYGE7IBg==}
    cpu: [ppc64]
    os: [linux]

  '@rollup/rollup-linux-riscv64-gnu@4.45.3':
    resolution: {integrity: sha512-Hs5if0PjROl1MGMmZX3xMAIfqcGxQE2SJWUr/CpDQsOQn43Wq4IvXXxUMWtiY/BrzdqCCJlRgJ5DKxzS3qWkCw==}
    cpu: [riscv64]
    os: [linux]

  '@rollup/rollup-linux-riscv64-musl@4.45.3':
    resolution: {integrity: sha512-Qm0WOwh3Lk388+HJFl1ILGbd2iOoQf6yl4fdGqOjBzEA+5JYbLcwd+sGsZjs5pkt8Cr/1G42EiXmlRp9ZeTvFA==}
    cpu: [riscv64]
    os: [linux]

  '@rollup/rollup-linux-s390x-gnu@4.45.3':
    resolution: {integrity: sha512-VJdknTaYw+TqXzlh9c7vaVMh/fV2sU8Khfk4a9vAdYXJawpjf6z3U1k7vDWx2IQ9ZOPoOPxgVpDfYOYhxD7QUA==}
    cpu: [s390x]
    os: [linux]

  '@rollup/rollup-linux-x64-gnu@4.45.3':
    resolution: {integrity: sha512-SUDXU5YabLAMl86FpupSQQEWzVG8X0HM+Q/famnJusbPiUgQnTGuSxtxg4UAYgv1ZmRV1nioYYXsgtSokU/7+Q==}
    cpu: [x64]
    os: [linux]

  '@rollup/rollup-linux-x64-musl@4.45.3':
    resolution: {integrity: sha512-ezmqknOUFgZMN6wW+Avlo4sXF3Frswd+ncrwMz4duyZ5Eqd+dAYgJ+A1MY+12LNZ7XDhCiijJceueYvtnzdviw==}
    cpu: [x64]
    os: [linux]

  '@rollup/rollup-win32-arm64-msvc@4.45.3':
    resolution: {integrity: sha512-1YfXoUEE++gIW66zNB9Twd0Ua5xCXpfYppFUxVT/Io5ZT3fO6Se+C/Jvmh3usaIHHyi53t3kpfjydO2GAy5eBA==}
    cpu: [arm64]
    os: [win32]

  '@rollup/rollup-win32-ia32-msvc@4.45.3':
    resolution: {integrity: sha512-Iok2YA3PvC163rVZf2Zy81A0g88IUcSPeU5pOilcbICXre2EP1mxn1Db/l09Z/SK1vdSLtpJXAnwGuMOyf5O9g==}
    cpu: [ia32]
    os: [win32]

  '@rollup/rollup-win32-x64-msvc@4.45.3':
    resolution: {integrity: sha512-HwHCH5GQTOeGYP5wBEBXFVhfQecwRl24Rugoqhh8YwGarsU09bHhOKuqlyW4ZolZCan3eTUax7UJbGSmKSM51A==}
    cpu: [x64]
    os: [win32]

  '@types/estree@1.0.8':
    resolution: {integrity: sha512-dWHzHa2WqEXI/O1E9OjrocMTKJl2mSrEolh1Iomrv6U+JuNwaHXsXx9bLu5gG7BUWFIN0skIQJQ/L1rIex4X6w==}

  '@types/resolve@1.20.2':
    resolution: {integrity: sha512-60BCwRFOZCQhDncwQdxxeOEEkbc5dIMccYLwbxsS4TUNeVECQ/pBJ0j09mrHOl/JJvpRPGwO9SvE4nR2Nb/a4Q==}

  braces@3.0.3:
    resolution: {integrity: sha512-yQbXgO/OSZVD2IsiLlro+7Hf6Q18EJrKSEsdoMzKePKXct3gvD8oLcOQdIzGupr5Fj+EDe8gO/lxc1BzfMpxvA==}
    engines: {node: '>=8'}

  deepmerge@4.3.1:
    resolution: {integrity: sha512-3sUqbMEc77XqpdNO7FRyRog+eW3ph+GYCbj+rK+uYyRMuwsVy0rMiVtPn+QJlKFvWP/1PYpapqYn0Me2knFn+A==}
    engines: {node: '>=0.10.0'}

  estree-walker@2.0.2:
    resolution: {integrity: sha512-Rfkk/Mp/DL7JVje3u18FxFujQlTNR2q6QfMSMB7AvCBx91NGj/ba3kCfza0f6dVDbw7YlRf/nDrn7pQrCCyQ/w==}

  fast-glob@3.3.3:
    resolution: {integrity: sha512-7MptL8U0cqcFdzIzwOTHoilX9x5BrNqye7Z/LuC7kCMRio1EMSyqRK3BEAUD7sXRq4iT4AzTVuZdhgQ2TCvYLg==}
    engines: {node: '>=8.6.0'}

  fastq@1.19.1:
    resolution: {integrity: sha512-GwLTyxkCXjXbxqIhTsMI2Nui8huMPtnxg7krajPJAjnEG/iiOS7i+zCtWGZR9G0NBKbXKh6X9m9UIsYX/N6vvQ==}

  fill-range@7.1.1:
    resolution: {integrity: sha512-YsGpe3WHLK8ZYi4tWDg2Jy3ebRz2rXowDxnld4bkQB00cc/1Zw9AWnC0i9ztDJitivtQvaI9KaLyKrc+hBW0yg==}
    engines: {node: '>=8'}

  fsevents@2.3.3:
    resolution: {integrity: sha512-5xoDfX+fL7faATnagmWPpbFtwh/R77WmMMqqHGS65C3vvB0YHrgF+B1YmZ3441tMj5n63k0212XNoJwzlhffQw==}
    engines: {node: ^8.16.0 || ^10.6.0 || >=11.0.0}
    os: [darwin]

  function-bind@1.1.2:
    resolution: {integrity: sha512-7XHNxH7qX9xG5mIwxkhumTox/MIRNcOgDrxWsMt2pAr23WHp6MrRlN7FBSFpCpr+oVO0F744iUgR82nJMfG2SA==}

  glob-parent@5.1.2:
    resolution: {integrity: sha512-AOIgSQCepiJYwP3ARnGx+5VnTu2HBYdzbGP45eLw1vr3zB3vZLeyed1sC9hnbcOc9/SrMyM5RPQrkGz4aS9Zow==}
    engines: {node: '>= 6'}

  hasown@2.0.2:
    resolution: {integrity: sha512-0hJU9SCPvmMzIBdZFqNPXWa6dqh7WdH0cII9y+CyS8rG3nL48Bclra9HmKhVVUHyPWNH5Y7xDwAB7bfgSjkUMQ==}
    engines: {node: '>= 0.4'}

  hono@4.8.9:
    resolution: {integrity: sha512-ERIxkXMRhUxGV7nS/Af52+j2KL60B1eg+k6cPtgzrGughS+espS9KQ7QO0SMnevtmRlBfAcN0mf1jKtO6j/doA==}
    engines: {node: '>=16.9.0'}

  is-core-module@2.16.1:
    resolution: {integrity: sha512-UfoeMA6fIJ8wTYFEUjelnaGI67v6+N7qXJEvQuIGa99l4xsCruSYOVSQ0uPANn4dAzm8lkYPaKLrrijLq7x23w==}
    engines: {node: '>= 0.4'}

  is-extglob@2.1.1:
    resolution: {integrity: sha512-SbKbANkN603Vi4jEZv49LeVJMn4yGwsbzZworEoyEiutsN3nJYdbO36zfhGJ6QEDpOZIFkDtnq5JRxmvl3jsoQ==}
    engines: {node: '>=0.10.0'}

  is-glob@4.0.3:
    resolution: {integrity: sha512-xelSayHH36ZgE7ZWhli7pW34hNbNl8Ojv5KVmkJD4hBdD3th8Tfk9vYasLM+mXWOZhFkgZfxhLSnrwRr4elSSg==}
    engines: {node: '>=0.10.0'}

  is-module@1.0.0:
    resolution: {integrity: sha512-51ypPSPCoTEIN9dy5Oy+h4pShgJmPCygKfyRCISBI+JoWT/2oJvK8QPxmwv7b/p239jXrm9M1mlQbyKJ5A152g==}

  is-number@7.0.0:
    resolution: {integrity: sha512-41Cifkg6e8TylSpdtTpeLVMqvSBEVzTttHvERD741+pnZ8ANv0004MRL43QKPDlK9cGvNp6NZWZUBlbGXYxxng==}
    engines: {node: '>=0.12.0'}

  merge2@1.4.1:
    resolution: {integrity: sha512-8q7VEgMJW4J8tcfVPy8g09NcQwZdbwFEqhe/WZkoIzjn/3TGDwtOCYtXGxA3O8tPzpczCCDgv+P2P5y00ZJOOg==}
    engines: {node: '>= 8'}

  micromatch@4.0.8:
    resolution: {integrity: sha512-PXwfBhYu0hBCPw8Dn0E+WDYb7af3dSLVWKi3HGv84IdF4TyFoC0ysxFd0Goxw7nSv4T/PzEJQxsYsEiFCKo2BA==}
    engines: {node: '>=8.6'}

  path-parse@1.0.7:
    resolution: {integrity: sha512-LDJzPVEEEPR+y48z93A0Ed0yXb8pAByGWo/k5YYdYgpY2/2EsOsksJrq7lOHxryrVOn1ejG6oAp8ahvOIQD8sw==}

  picomatch@2.3.1:
    resolution: {integrity: sha512-JU3teHTNjmE2VCGFzuY8EXzCDVwEqB2a8fsIvwaStHhAWJEeVd1o1QD80CU6+ZdEXXSLbSsuLwJjkCBWqRQUVA==}
    engines: {node: '>=8.6'}

  picomatch@4.0.3:
    resolution: {integrity: sha512-5gTmgEY/sqK6gFXLIsQNH19lWb4ebPDLA4SdLP7dsWkIXHWlG66oPuVvXSGFPppYZz8ZDZq0dYYrbHfBCVUb1Q==}
    engines: {node: '>=12'}

  queue-microtask@1.2.3:
    resolution: {integrity: sha512-NuaNSa6flKT5JaSYQzJok04JzTL1CA6aGhv5rfLW3PgqA+M2ChpZQnAC8h8i4ZFkBS8X5RqkDBHA7r4hej3K9A==}

  resolve@1.22.10:
    resolution: {integrity: sha512-NPRy+/ncIMeDlTAsuqwKIiferiawhefFJtkNSW0qZJEqMEb+qBt/77B/jGeeek+F0uOeN05CDa6HXbbIgtVX4w==}
    engines: {node: '>= 0.4'}
    hasBin: true

  reusify@1.1.0:
    resolution: {integrity: sha512-g6QUff04oZpHs0eG5p83rFLhHeV00ug/Yf9nZM6fLeUrPguBTkTQOdpAWWspMh55TZfVQDPaN3NQJfbVRAxdIw==}
    engines: {iojs: '>=1.0.0', node: '>=0.10.0'}

  rollup@4.45.3:
    resolution: {integrity: sha512-STwyHZF3G+CrmZhB+qDiROq9s8B5PrOCYN6dtmOvwz585XBnyeHk1GTEhHJtUVb355/9uZhOazyVclTt5uahzA==}
    engines: {node: '>=18.0.0', npm: '>=8.0.0'}
    hasBin: true

  run-parallel@1.2.0:
    resolution: {integrity: sha512-5l4VyZR86LZ/lDxZTR6jqL8AFE2S0IFLMP26AbjsLVADxHdhB/c0GUsH+y39UfCi3dzz8OlQuPmnaJOMoDHQBA==}

  supports-preserve-symlinks-flag@1.0.0:
    resolution: {integrity: sha512-ot0WnXS9fgdkgIcePe6RHNk1WA8+muPa6cSjeR3V8K27q9BB1rTE3R1p7Hv0z1ZyAc8s6Vvv8DIyWf681MAt0w==}
    engines: {node: '>= 0.4'}

  to-regex-range@5.0.1:
    resolution: {integrity: sha512-65P7iz6X5yEr1cwcgvQxbbIw7Uk3gOy5dIdtZ4rDveLqhrdJP+Li/Hx6tyK0NEb+2GCyneCMJiGqrADCSNk8sQ==}
    engines: {node: '>=8.0'}

snapshots:

  '@hono/node-server@1.17.1(hono@4.8.9)':
    dependencies:
      hono: 4.8.9

  '@nodelib/fs.scandir@2.1.5':
    dependencies:
      '@nodelib/fs.stat': 2.0.5
      run-parallel: 1.2.0

  '@nodelib/fs.stat@2.0.5': {}

  '@nodelib/fs.walk@1.2.8':
    dependencies:
      '@nodelib/fs.scandir': 2.1.5
      fastq: 1.19.1

  '@rollup/plugin-node-resolve@15.3.1(rollup@4.45.3)':
    dependencies:
      '@rollup/pluginutils': 5.2.0(rollup@4.45.3)
      '@types/resolve': 1.20.2
      deepmerge: 4.3.1
      is-module: 1.0.0
      resolve: 1.22.10
    optionalDependencies:
      rollup: 4.45.3

  '@rollup/pluginutils@5.2.0(rollup@4.45.3)':
    dependencies:
      '@types/estree': 1.0.8
      estree-walker: 2.0.2
      picomatch: 4.0.3
    optionalDependencies:
      rollup: 4.45.3

  '@rollup/rollup-android-arm-eabi@4.45.3':
    optional: true

  '@rollup/rollup-android-arm64@4.45.3':
    optional: true

  '@rollup/rollup-darwin-arm64@4.45.3':
    optional: true

  '@rollup/rollup-darwin-x64@4.45.3':
    optional: true

  '@rollup/rollup-freebsd-arm64@4.45.3':
    optional: true

  '@rollup/rollup-freebsd-x64@4.45.3':
    optional: true

  '@rollup/rollup-linux-arm-gnueabihf@4.45.3':
    optional: true

  '@rollup/rollup-linux-arm-musleabihf@4.45.3':
    optional: true

  '@rollup/rollup-linux-arm64-gnu@4.45.3':
    optional: true

  '@rollup/rollup-linux-arm64-musl@4.45.3':
    optional: true

  '@rollup/rollup-linux-loongarch64-gnu@4.45.3':
    optional: true

  '@rollup/rollup-linux-ppc64-gnu@4.45.3':
    optional: true

  '@rollup/rollup-linux-riscv64-gnu@4.45.3':
    optional: true

  '@rollup/rollup-linux-riscv64-musl@4.45.3':
    optional: true

  '@rollup/rollup-linux-s390x-gnu@4.45.3':
    optional: true

  '@rollup/rollup-linux-x64-gnu@4.45.3':
    optional: true

  '@rollup/rollup-linux-x64-musl@4.45.3':
    optional: true

  '@rollup/rollup-win32-arm64-msvc@4.45.3':
    optional: true

  '@rollup/rollup-win32-ia32-msvc@4.45.3':
    optional: true

  '@rollup/rollup-win32-x64-msvc@4.45.3':
    optional: true

  '@types/estree@1.0.8': {}

  '@types/resolve@1.20.2': {}

  braces@3.0.3:
    dependencies:
      fill-range: 7.1.1

  deepmerge@4.3.1: {}

  estree-walker@2.0.2: {}

  fast-glob@3.3.3:
    dependencies:
      '@nodelib/fs.stat': 2.0.5
      '@nodelib/fs.walk': 1.2.8
      glob-parent: 5.1.2
      merge2: 1.4.1
      micromatch: 4.0.8

  fastq@1.19.1:
    dependencies:
      reusify: 1.1.0

  fill-range@7.1.1:
    dependencies:
      to-regex-range: 5.0.1

  fsevents@2.3.3:
    optional: true

  function-bind@1.1.2: {}

  glob-parent@5.1.2:
    dependencies:
      is-glob: 4.0.3

  hasown@2.0.2:
    dependencies:
      function-bind: 1.1.2

  hono@4.8.9: {}

  is-core-module@2.16.1:
    dependencies:
      hasown: 2.0.2

  is-extglob@2.1.1: {}

  is-glob@4.0.3:
    dependencies:
      is-extglob: 2.1.1

  is-module@1.0.0: {}

  is-number@7.0.0: {}

  merge2@1.4.1: {}

  micromatch@4.0.8:
    dependencies:
      braces: 3.0.3
      picomatch: 2.3.1

  path-parse@1.0.7: {}

  picomatch@2.3.1: {}

  picomatch@4.0.3: {}

  queue-microtask@1.2.3: {}

  resolve@1.22.10:
    dependencies:
      is-core-module: 2.16.1
      path-parse: 1.0.7
      supports-preserve-symlinks-flag: 1.0.0

  reusify@1.1.0: {}

  rollup@4.45.3:
    dependencies:
      '@types/estree': 1.0.8
    optionalDependencies:
      '@rollup/rollup-android-arm-eabi': 4.45.3
      '@rollup/rollup-android-arm64': 4.45.3
      '@rollup/rollup-darwin-arm64': 4.45.3
      '@rollup/rollup-darwin-x64': 4.45.3
      '@rollup/rollup-freebsd-arm64': 4.45.3
      '@rollup/rollup-freebsd-x64': 4.45.3
      '@rollup/rollup-linux-arm-gnueabihf': 4.45.3
      '@rollup/rollup-linux-arm-musleabihf': 4.45.3
      '@rollup/rollup-linux-arm64-gnu': 4.45.3
      '@rollup/rollup-linux-arm64-musl': 4.45.3
      '@rollup/rollup-linux-loongarch64-gnu': 4.45.3
      '@rollup/rollup-linux-ppc64-gnu': 4.45.3
      '@rollup/rollup-linux-riscv64-gnu': 4.45.3
      '@rollup/rollup-linux-riscv64-musl': 4.45.3
      '@rollup/rollup-linux-s390x-gnu': 4.45.3
      '@rollup/rollup-linux-x64-gnu': 4.45.3
      '@rollup/rollup-linux-x64-musl': 4.45.3
      '@rollup/rollup-win32-arm64-msvc': 4.45.3
      '@rollup/rollup-win32-ia32-msvc': 4.45.3
      '@rollup/rollup-win32-x64-msvc': 4.45.3
      fsevents: 2.3.3

  run-parallel@1.2.0:
    dependencies:
      queue-microtask: 1.2.3

  supports-preserve-symlinks-flag@1.0.0: {}

  to-regex-range@5.0.1:
    dependencies:
      is-number: 7.0.0
